
Microsoft Visual Studio Solution File, Format Version 12.00
# Visual Studio 15
VisualStudioVersion = 15.0.27004.2005
MinimumVisualStudioVersion = 10.0.40219.1
Project("{FAE04EC0-301F-11D3-BF4B-00C04F79EFBC}") = "05Day", "05Day\05Day.csproj", "{3EBDE1B6-A5F6-4C06-8B7D-0AF5B6FE0F52}"
EndProject
Global
	GlobalSection(SolutionConfigurationPlatforms) = preSolution
		Debug|Any CPU = Debug|Any CPU
		Release|Any CPU = Release|Any CPU
	EndGlobalSection
	GlobalSection(ProjectConfigurationPlatforms) = postSolution
		{3EBDE1B6-A5F6-4C06-8B7D-0AF5B6FE0F52}.Debug|Any CPU.ActiveCfg = Debug|Any CPU
		{3EBDE1B6-A5F6-4C06-8B7D-0AF5B6FE0F52}.Debug|Any CPU.Build.0 = Debug|Any CPU
		{3EBDE1B6-A5F6-4C06-8B7D-0AF5B6FE0F52}.Release|Any CPU.ActiveCfg = Release|Any CPU
		{3EBDE1B6-A5F6-4C06-8B7D-0AF5B6FE0F52}.Release|Any CPU.Build.0 = Release|Any CPU
	EndGlobalSection
	GlobalSection(SolutionProperties) = preSolution
		HideSolutionNode = FALSE
	EndGlobalSection
	GlobalSection(ExtensibilityGlobals) = postSolution
		SolutionGuid = {8F96D96D-3ABB-406E-8EED-3204124BD48B}
	EndGlobalSection
EndGlobal
