
Microsoft Visual Studio Solution File, Format Version 12.00
# Visual Studio 15
VisualStudioVersion = 15.0.27004.2005
MinimumVisualStudioVersion = 10.0.40219.1
Project("{FAE04EC0-301F-11D3-BF4B-00C04F79EFBC}") = "02Day", "02Day\02Day.csproj", "{EEC22B70-D91D-4A43-95CE-E4397023EC69}"
EndProject
Global
	GlobalSection(SolutionConfigurationPlatforms) = preSolution
		Debug|Any CPU = Debug|Any CPU
		Release|Any CPU = Release|Any CPU
	EndGlobalSection
	GlobalSection(ProjectConfigurationPlatforms) = postSolution
		{EEC22B70-D91D-4A43-95CE-E4397023EC69}.Debug|Any CPU.ActiveCfg = Debug|Any CPU
		{EEC22B70-D91D-4A43-95CE-E4397023EC69}.Debug|Any CPU.Build.0 = Debug|Any CPU
		{EEC22B70-D91D-4A43-95CE-E4397023EC69}.Release|Any CPU.ActiveCfg = Release|Any CPU
		{EEC22B70-D91D-4A43-95CE-E4397023EC69}.Release|Any CPU.Build.0 = Release|Any CPU
	EndGlobalSection
	GlobalSection(SolutionProperties) = preSolution
		HideSolutionNode = FALSE
	EndGlobalSection
	GlobalSection(ExtensibilityGlobals) = postSolution
		SolutionGuid = {D41BE4C6-3687-45F5-95F1-72BA83E60FF5}
	EndGlobalSection
EndGlobal
